
Microsoft Visual Studio Solution File, Format Version 12.00
# Visual Studio Version 16
VisualStudioVersion = 16.0.29306.81
MinimumVisualStudioVersion = 10.0.40219.1
Project("{9A19103F-16F7-4668-BE54-9A1E7A4F7556}") = "ConsoleApplicationBase", "ConsoleApplicationTemplate\ConsoleApplicationBase.csproj", "{693BA003-6C8B-4B9B-8344-AAD275FE0CAA}"
EndProject
Global
	GlobalSection(SolutionConfigurationPlatforms) = preSolution
		Debug|Any CPU = Debug|Any CPU
		Release|Any CPU = Release|Any CPU
	EndGlobalSection
	GlobalSection(ProjectConfigurationPlatforms) = postSolution
		{693BA003-6C8B-4B9B-8344-AAD275FE0CAA}.Debug|Any CPU.ActiveCfg = Debug|Any CPU
		{693BA003-6C8B-4B9B-8344-AAD275FE0CAA}.Debug|Any CPU.Build.0 = Debug|Any CPU
		{693BA003-6C8B-4B9B-8344-AAD275FE0CAA}.Release|Any CPU.ActiveCfg = Release|Any CPU
		{693BA003-6C8B-4B9B-8344-AAD275FE0CAA}.Release|Any CPU.Build.0 = Release|Any CPU
	EndGlobalSection
	GlobalSection(SolutionProperties) = preSolution
		HideSolutionNode = FALSE
	EndGlobalSection
	GlobalSection(ExtensibilityGlobals) = postSolution
		SolutionGuid = {83ECAED2-A4C0-4FFF-8572-EDE2C92C553A}
	EndGlobalSection
EndGlobal
